
Microsoft Visual Studio Solution File, Format Version 12.00
# Visual Studio Version 17
VisualStudioVersion = 17.6.33723.286
MinimumVisualStudioVersion = 10.0.40219.1
Project("{FAE04EC0-301F-11D3-BF4B-00C04F79EFBC}") = "student_managment", "student_managment.csproj", "{49D17302-4F53-49DF-A394-FD21869B7BFF}"
EndProject
Global
	GlobalSection(SolutionConfigurationPlatforms) = preSolution
		Debug|Any CPU = Debug|Any CPU
		Release|Any CPU = Release|Any CPU
	EndGlobalSection
	GlobalSection(ProjectConfigurationPlatforms) = postSolution
		{49D17302-4F53-49DF-A394-FD21869B7BFF}.Debug|Any CPU.ActiveCfg = Debug|Any CPU
		{49D17302-4F53-49DF-A394-FD21869B7BFF}.Debug|Any CPU.Build.0 = Debug|Any CPU
		{49D17302-4F53-49DF-A394-FD21869B7BFF}.Release|Any CPU.ActiveCfg = Release|Any CPU
		{49D17302-4F53-49DF-A394-FD21869B7BFF}.Release|Any CPU.Build.0 = Release|Any CPU
	EndGlobalSection
	GlobalSection(SolutionProperties) = preSolution
		HideSolutionNode = FALSE
	EndGlobalSection
	GlobalSection(ExtensibilityGlobals) = postSolution
		SolutionGuid = {216052F4-E770-4AD3-9914-FF217CC87B76}
	EndGlobalSection
EndGlobal
